
Microsoft Visual Studio Solution File, Format Version 12.00
# Visual Studio 15
Project("{FAE04EC0-301F-11D3-BF4B-00C04F79EFBC}") = "BB8_SW", "Assembly-CSharp-firstpass.csproj", "{5D1DCD38-7E1F-9E4D-758D-30474ADC376A}"
EndProject
Project("{FAE04EC0-301F-11D3-BF4B-00C04F79EFBC}") = "BB8_SW", "Assembly-CSharp.csproj", "{FD00AC52-E46C-1E90-F350-85BA9E6CCA3B}"
EndProject
Project("{FAE04EC0-301F-11D3-BF4B-00C04F79EFBC}") = "BB8_SW", "Assembly-CSharp-Editor.csproj", "{5B45FA85-22AB-56CE-1EC5-11D77332906C}"
EndProject
Global
	GlobalSection(SolutionConfigurationPlatforms) = preSolution
		Debug|Any CPU = Debug|Any CPU
		Release|Any CPU = Release|Any CPU
	EndGlobalSection
	GlobalSection(ProjectConfigurationPlatforms) = postSolution
		{5D1DCD38-7E1F-9E4D-758D-30474ADC376A}.Debug|Any CPU.ActiveCfg = Debug|Any CPU
		{5D1DCD38-7E1F-9E4D-758D-30474ADC376A}.Debug|Any CPU.Build.0 = Debug|Any CPU
		{5D1DCD38-7E1F-9E4D-758D-30474ADC376A}.Release|Any CPU.ActiveCfg = Release|Any CPU
		{5D1DCD38-7E1F-9E4D-758D-30474ADC376A}.Release|Any CPU.Build.0 = Release|Any CPU
		{FD00AC52-E46C-1E90-F350-85BA9E6CCA3B}.Debug|Any CPU.ActiveCfg = Debug|Any CPU
		{FD00AC52-E46C-1E90-F350-85BA9E6CCA3B}.Debug|Any CPU.Build.0 = Debug|Any CPU
		{FD00AC52-E46C-1E90-F350-85BA9E6CCA3B}.Release|Any CPU.ActiveCfg = Release|Any CPU
		{FD00AC52-E46C-1E90-F350-85BA9E6CCA3B}.Release|Any CPU.Build.0 = Release|Any CPU
		{5B45FA85-22AB-56CE-1EC5-11D77332906C}.Debug|Any CPU.ActiveCfg = Debug|Any CPU
		{5B45FA85-22AB-56CE-1EC5-11D77332906C}.Debug|Any CPU.Build.0 = Debug|Any CPU
		{5B45FA85-22AB-56CE-1EC5-11D77332906C}.Release|Any CPU.ActiveCfg = Release|Any CPU
		{5B45FA85-22AB-56CE-1EC5-11D77332906C}.Release|Any CPU.Build.0 = Release|Any CPU
	EndGlobalSection
	GlobalSection(SolutionProperties) = preSolution
		HideSolutionNode = FALSE
	EndGlobalSection
EndGlobal
